
Microsoft Visual Studio Solution File, Format Version 12.00
# Visual Studio 15
VisualStudioVersion = 15.0.27004.2009
MinimumVisualStudioVersion = 10.0.40219.1
Project("{9A19103F-16F7-4668-BE54-9A1E7A4F7556}") = "PetProjects.Framework.Kafka", "src\PetProject.Framework.Kafka\PetProjects.Framework.Kafka.csproj", "{CCE8A4BC-4A0A-4E72-AB03-2FB1B2308649}"
EndProject
Project("{2150E333-8FDC-42A3-9474-1A3956D46DE8}") = "test", "test", "{B8781380-7F4D-4927-81B7-49A311325677}"
EndProject
Project("{9A19103F-16F7-4668-BE54-9A1E7A4F7556}") = "PetProjects.Framework.Kafka.Contracts", "src\PetProject.Framework.Kafka.Contracts\PetProjects.Framework.Kafka.Contracts.csproj", "{D87B95BC-A21A-414A-AA68-019A399C7471}"
EndProject
Project("{2150E333-8FDC-42A3-9474-1A3956D46DE8}") = "unit", "unit", "{4B907FF1-FA57-49A2-9B90-9FDFD87679E8}"
EndProject
Project("{9A19103F-16F7-4668-BE54-9A1E7A4F7556}") = "PetProjects.Framework.Kafka.Tests", "test\unit\PetProjects.Framework.Kafka.Tests\PetProjects.Framework.Kafka.Tests.csproj", "{D52D3DF0-7BA1-40FA-8C04-F731B5E5B6DE}"
EndProject
Project("{2150E333-8FDC-42A3-9474-1A3956D46DE8}") = "integration", "integration", "{F5671725-3953-4DD3-B7B9-8F73FE64361A}"
EndProject
Project("{9A19103F-16F7-4668-BE54-9A1E7A4F7556}") = "Integration.Consumer", "test\integration\Integration.Consumer\Integration.Consumer.csproj", "{B7218925-1A42-4097-8CA9-6AAA40D7CF64}"
EndProject
Project("{9A19103F-16F7-4668-BE54-9A1E7A4F7556}") = "Integration.Producer", "test\integration\Integration.Producer\Integration.Producer.csproj", "{288B7CA4-55B6-4C8C-9EAE-BE6988AEEB73}"
EndProject
Project("{9A19103F-16F7-4668-BE54-9A1E7A4F7556}") = "Integration.Contracts", "test\integration\Integration.Contracts\Integration.Contracts.csproj", "{5B6403FD-3EF1-4628-8DC6-F22CFC8BC05E}"
EndProject
Project("{2150E333-8FDC-42A3-9474-1A3956D46DE8}") = "integration", "integration", "{8713E795-7AE5-49DC-8A2E-947B8D494689}"
EndProject
Global
	GlobalSection(SolutionConfigurationPlatforms) = preSolution
		Debug|Any CPU = Debug|Any CPU
		Release|Any CPU = Release|Any CPU
	EndGlobalSection
	GlobalSection(ProjectConfigurationPlatforms) = postSolution
		{CCE8A4BC-4A0A-4E72-AB03-2FB1B2308649}.Debug|Any CPU.ActiveCfg = Debug|Any CPU
		{CCE8A4BC-4A0A-4E72-AB03-2FB1B2308649}.Debug|Any CPU.Build.0 = Debug|Any CPU
		{CCE8A4BC-4A0A-4E72-AB03-2FB1B2308649}.Release|Any CPU.ActiveCfg = Release|Any CPU
		{CCE8A4BC-4A0A-4E72-AB03-2FB1B2308649}.Release|Any CPU.Build.0 = Release|Any CPU
		{D87B95BC-A21A-414A-AA68-019A399C7471}.Debug|Any CPU.ActiveCfg = Debug|Any CPU
		{D87B95BC-A21A-414A-AA68-019A399C7471}.Debug|Any CPU.Build.0 = Debug|Any CPU
		{D87B95BC-A21A-414A-AA68-019A399C7471}.Release|Any CPU.ActiveCfg = Release|Any CPU
		{D87B95BC-A21A-414A-AA68-019A399C7471}.Release|Any CPU.Build.0 = Release|Any CPU
		{D52D3DF0-7BA1-40FA-8C04-F731B5E5B6DE}.Debug|Any CPU.ActiveCfg = Debug|Any CPU
		{D52D3DF0-7BA1-40FA-8C04-F731B5E5B6DE}.Debug|Any CPU.Build.0 = Debug|Any CPU
		{D52D3DF0-7BA1-40FA-8C04-F731B5E5B6DE}.Release|Any CPU.ActiveCfg = Release|Any CPU
		{D52D3DF0-7BA1-40FA-8C04-F731B5E5B6DE}.Release|Any CPU.Build.0 = Release|Any CPU
		{B7218925-1A42-4097-8CA9-6AAA40D7CF64}.Debug|Any CPU.ActiveCfg = Debug|Any CPU
		{B7218925-1A42-4097-8CA9-6AAA40D7CF64}.Debug|Any CPU.Build.0 = Debug|Any CPU
		{B7218925-1A42-4097-8CA9-6AAA40D7CF64}.Release|Any CPU.ActiveCfg = Release|Any CPU
		{B7218925-1A42-4097-8CA9-6AAA40D7CF64}.Release|Any CPU.Build.0 = Release|Any CPU
		{288B7CA4-55B6-4C8C-9EAE-BE6988AEEB73}.Debug|Any CPU.ActiveCfg = Debug|Any CPU
		{288B7CA4-55B6-4C8C-9EAE-BE6988AEEB73}.Debug|Any CPU.Build.0 = Debug|Any CPU
		{288B7CA4-55B6-4C8C-9EAE-BE6988AEEB73}.Release|Any CPU.ActiveCfg = Release|Any CPU
		{288B7CA4-55B6-4C8C-9EAE-BE6988AEEB73}.Release|Any CPU.Build.0 = Release|Any CPU
		{5B6403FD-3EF1-4628-8DC6-F22CFC8BC05E}.Debug|Any CPU.ActiveCfg = Debug|Any CPU
		{5B6403FD-3EF1-4628-8DC6-F22CFC8BC05E}.Debug|Any CPU.Build.0 = Debug|Any CPU
		{5B6403FD-3EF1-4628-8DC6-F22CFC8BC05E}.Release|Any CPU.ActiveCfg = Release|Any CPU
		{5B6403FD-3EF1-4628-8DC6-F22CFC8BC05E}.Release|Any CPU.Build.0 = Release|Any CPU
	EndGlobalSection
	GlobalSection(SolutionProperties) = preSolution
		HideSolutionNode = FALSE
	EndGlobalSection
	GlobalSection(NestedProjects) = preSolution
		{4B907FF1-FA57-49A2-9B90-9FDFD87679E8} = {B8781380-7F4D-4927-81B7-49A311325677}
		{D52D3DF0-7BA1-40FA-8C04-F731B5E5B6DE} = {4B907FF1-FA57-49A2-9B90-9FDFD87679E8}
		{F5671725-3953-4DD3-B7B9-8F73FE64361A} = {B8781380-7F4D-4927-81B7-49A311325677}
		{B7218925-1A42-4097-8CA9-6AAA40D7CF64} = {8713E795-7AE5-49DC-8A2E-947B8D494689}
		{288B7CA4-55B6-4C8C-9EAE-BE6988AEEB73} = {8713E795-7AE5-49DC-8A2E-947B8D494689}
		{5B6403FD-3EF1-4628-8DC6-F22CFC8BC05E} = {8713E795-7AE5-49DC-8A2E-947B8D494689}
	EndGlobalSection
	GlobalSection(ExtensibilityGlobals) = postSolution
		SolutionGuid = {72B1F275-CEDE-4FD6-A206-419E7046FBDD}
	EndGlobalSection
EndGlobal
